
Microsoft Visual Studio Solution File, Format Version 12.00
# Visual Studio Version 16
VisualStudioVersion = 16.0.30523.141
MinimumVisualStudioVersion = 10.0.40219.1
Project("{FAE04EC0-301F-11D3-BF4B-00C04F79EFBC}") = "Assignment examp[le", "Assignment examp[le\Assignment examp[le.csproj", "{2642C46E-4B01-4973-A558-7212982FD9D5}"
EndProject
Global
	GlobalSection(SolutionConfigurationPlatforms) = preSolution
		Debug|Any CPU = Debug|Any CPU
		Release|Any CPU = Release|Any CPU
	EndGlobalSection
	GlobalSection(ProjectConfigurationPlatforms) = postSolution
		{2642C46E-4B01-4973-A558-7212982FD9D5}.Debug|Any CPU.ActiveCfg = Debug|Any CPU
		{2642C46E-4B01-4973-A558-7212982FD9D5}.Debug|Any CPU.Build.0 = Debug|Any CPU
		{2642C46E-4B01-4973-A558-7212982FD9D5}.Release|Any CPU.ActiveCfg = Release|Any CPU
		{2642C46E-4B01-4973-A558-7212982FD9D5}.Release|Any CPU.Build.0 = Release|Any CPU
	EndGlobalSection
	GlobalSection(SolutionProperties) = preSolution
		HideSolutionNode = FALSE
	EndGlobalSection
	GlobalSection(ExtensibilityGlobals) = postSolution
		SolutionGuid = {35563F8A-5617-44BF-89EA-8F6B4B014948}
	EndGlobalSection
EndGlobal
